
Microsoft Visual Studio Solution File, Format Version 12.00
# Visual Studio Version 16
VisualStudioVersion = 16.0.28803.452
MinimumVisualStudioVersion = 10.0.40219.1
Project("{2150E333-8FDC-42A3-9474-1A3956D46DE8}") = "tests", "tests", "{0F93BF19-3323-4495-A485-EE87494E0A6F}"
EndProject
Project("{2150E333-8FDC-42A3-9474-1A3956D46DE8}") = "src", "src", "{0D2EA5CB-6718-4B6C-87D0-D2483AE3BDC7}"
EndProject
Project("{9A19103F-16F7-4668-BE54-9A1E7A4F7556}") = "SаndBox", "..\tests\SаndBox.csproj", "{19A88613-D41D-4C41-822E-D228924C9992}"
EndProject
Project("{2150E333-8FDC-42A3-9474-1A3956D46DE8}") = "Data", "Data", "{6CA3A8A8-37FB-4C90-B50F-03200E4E7115}"
EndProject
Project("{2150E333-8FDC-42A3-9474-1A3956D46DE8}") = "Web", "Web", "{7C7B5EB2-978F-4551-9A19-5E7E0B807AD7}"
EndProject
Project("{9A19103F-16F7-4668-BE54-9A1E7A4F7556}") = "FunApp.Data", "Data\FunApp.Data\FunApp.Data.csproj", "{C256B955-7A27-404C-9398-687324F6CE49}"
EndProject
Project("{9A19103F-16F7-4668-BE54-9A1E7A4F7556}") = "FunApp.Data.Models", "Data\FunApp.Data.Models\FunApp.Data.Models.csproj", "{F880DBC5-0828-4A9F-A9D2-6CF8263AF23D}"
EndProject
Project("{9A19103F-16F7-4668-BE54-9A1E7A4F7556}") = "FunApp.Web", "Web\FunApp.Web\FunApp.Web.csproj", "{D74AAC26-43E5-4000-BE67-9EBED6E7D6C2}"
EndProject
Project("{9A19103F-16F7-4668-BE54-9A1E7A4F7556}") = "FunApp.Data.Common", "Data\FunApp.Data.Common\FunApp.Data.Common.csproj", "{0F205CCB-C8D5-4FB2-AFDA-07FD02033E53}"
EndProject
Project("{2150E333-8FDC-42A3-9474-1A3956D46DE8}") = "Services", "Services", "{60B7FDA8-E4FC-4348-A3AE-F5F37D65E43B}"
EndProject
Project("{9A19103F-16F7-4668-BE54-9A1E7A4F7556}") = "FunApp.Services.DataServices", "Services\FunApp.Services.DataServices\FunApp.Services.DataServices.csproj", "{6ACA5632-3994-497E-8303-0B358BE70075}"
EndProject
Project("{9A19103F-16F7-4668-BE54-9A1E7A4F7556}") = "FunApp.Services.Models", "FunApp.Services.Models\FunApp.Services.Models.csproj", "{64298647-F04C-4FB0-ABE0-8465379CA22F}"
EndProject
Project("{FAE04EC0-301F-11D3-BF4B-00C04F79EFBC}") = "FunApp.Services.Mapping", "FunApp.Services.Mapping\FunApp.Services.Mapping.csproj", "{46015893-4984-454D-B3CF-B310844DFB2D}"
EndProject
Global
	GlobalSection(SolutionConfigurationPlatforms) = preSolution
		Debug|Any CPU = Debug|Any CPU
		Release|Any CPU = Release|Any CPU
	EndGlobalSection
	GlobalSection(ProjectConfigurationPlatforms) = postSolution
		{19A88613-D41D-4C41-822E-D228924C9992}.Debug|Any CPU.ActiveCfg = Debug|Any CPU
		{19A88613-D41D-4C41-822E-D228924C9992}.Debug|Any CPU.Build.0 = Debug|Any CPU
		{19A88613-D41D-4C41-822E-D228924C9992}.Release|Any CPU.ActiveCfg = Release|Any CPU
		{19A88613-D41D-4C41-822E-D228924C9992}.Release|Any CPU.Build.0 = Release|Any CPU
		{C256B955-7A27-404C-9398-687324F6CE49}.Debug|Any CPU.ActiveCfg = Debug|Any CPU
		{C256B955-7A27-404C-9398-687324F6CE49}.Debug|Any CPU.Build.0 = Debug|Any CPU
		{C256B955-7A27-404C-9398-687324F6CE49}.Release|Any CPU.ActiveCfg = Release|Any CPU
		{C256B955-7A27-404C-9398-687324F6CE49}.Release|Any CPU.Build.0 = Release|Any CPU
		{F880DBC5-0828-4A9F-A9D2-6CF8263AF23D}.Debug|Any CPU.ActiveCfg = Debug|Any CPU
		{F880DBC5-0828-4A9F-A9D2-6CF8263AF23D}.Debug|Any CPU.Build.0 = Debug|Any CPU
		{F880DBC5-0828-4A9F-A9D2-6CF8263AF23D}.Release|Any CPU.ActiveCfg = Release|Any CPU
		{F880DBC5-0828-4A9F-A9D2-6CF8263AF23D}.Release|Any CPU.Build.0 = Release|Any CPU
		{D74AAC26-43E5-4000-BE67-9EBED6E7D6C2}.Debug|Any CPU.ActiveCfg = Debug|Any CPU
		{D74AAC26-43E5-4000-BE67-9EBED6E7D6C2}.Debug|Any CPU.Build.0 = Debug|Any CPU
		{D74AAC26-43E5-4000-BE67-9EBED6E7D6C2}.Release|Any CPU.ActiveCfg = Release|Any CPU
		{D74AAC26-43E5-4000-BE67-9EBED6E7D6C2}.Release|Any CPU.Build.0 = Release|Any CPU
		{0F205CCB-C8D5-4FB2-AFDA-07FD02033E53}.Debug|Any CPU.ActiveCfg = Debug|Any CPU
		{0F205CCB-C8D5-4FB2-AFDA-07FD02033E53}.Debug|Any CPU.Build.0 = Debug|Any CPU
		{0F205CCB-C8D5-4FB2-AFDA-07FD02033E53}.Release|Any CPU.ActiveCfg = Release|Any CPU
		{0F205CCB-C8D5-4FB2-AFDA-07FD02033E53}.Release|Any CPU.Build.0 = Release|Any CPU
		{6ACA5632-3994-497E-8303-0B358BE70075}.Debug|Any CPU.ActiveCfg = Debug|Any CPU
		{6ACA5632-3994-497E-8303-0B358BE70075}.Debug|Any CPU.Build.0 = Debug|Any CPU
		{6ACA5632-3994-497E-8303-0B358BE70075}.Release|Any CPU.ActiveCfg = Release|Any CPU
		{6ACA5632-3994-497E-8303-0B358BE70075}.Release|Any CPU.Build.0 = Release|Any CPU
		{64298647-F04C-4FB0-ABE0-8465379CA22F}.Debug|Any CPU.ActiveCfg = Debug|Any CPU
		{64298647-F04C-4FB0-ABE0-8465379CA22F}.Debug|Any CPU.Build.0 = Debug|Any CPU
		{64298647-F04C-4FB0-ABE0-8465379CA22F}.Release|Any CPU.ActiveCfg = Release|Any CPU
		{64298647-F04C-4FB0-ABE0-8465379CA22F}.Release|Any CPU.Build.0 = Release|Any CPU
		{46015893-4984-454D-B3CF-B310844DFB2D}.Debug|Any CPU.ActiveCfg = Debug|Any CPU
		{46015893-4984-454D-B3CF-B310844DFB2D}.Debug|Any CPU.Build.0 = Debug|Any CPU
		{46015893-4984-454D-B3CF-B310844DFB2D}.Release|Any CPU.ActiveCfg = Release|Any CPU
		{46015893-4984-454D-B3CF-B310844DFB2D}.Release|Any CPU.Build.0 = Release|Any CPU
	EndGlobalSection
	GlobalSection(SolutionProperties) = preSolution
		HideSolutionNode = FALSE
	EndGlobalSection
	GlobalSection(NestedProjects) = preSolution
		{19A88613-D41D-4C41-822E-D228924C9992} = {0F93BF19-3323-4495-A485-EE87494E0A6F}
		{6CA3A8A8-37FB-4C90-B50F-03200E4E7115} = {0D2EA5CB-6718-4B6C-87D0-D2483AE3BDC7}
		{7C7B5EB2-978F-4551-9A19-5E7E0B807AD7} = {0D2EA5CB-6718-4B6C-87D0-D2483AE3BDC7}
		{C256B955-7A27-404C-9398-687324F6CE49} = {6CA3A8A8-37FB-4C90-B50F-03200E4E7115}
		{F880DBC5-0828-4A9F-A9D2-6CF8263AF23D} = {6CA3A8A8-37FB-4C90-B50F-03200E4E7115}
		{D74AAC26-43E5-4000-BE67-9EBED6E7D6C2} = {7C7B5EB2-978F-4551-9A19-5E7E0B807AD7}
		{0F205CCB-C8D5-4FB2-AFDA-07FD02033E53} = {6CA3A8A8-37FB-4C90-B50F-03200E4E7115}
		{60B7FDA8-E4FC-4348-A3AE-F5F37D65E43B} = {0D2EA5CB-6718-4B6C-87D0-D2483AE3BDC7}
		{6ACA5632-3994-497E-8303-0B358BE70075} = {60B7FDA8-E4FC-4348-A3AE-F5F37D65E43B}
		{64298647-F04C-4FB0-ABE0-8465379CA22F} = {60B7FDA8-E4FC-4348-A3AE-F5F37D65E43B}
		{46015893-4984-454D-B3CF-B310844DFB2D} = {60B7FDA8-E4FC-4348-A3AE-F5F37D65E43B}
	EndGlobalSection
	GlobalSection(ExtensibilityGlobals) = postSolution
		SolutionGuid = {EAF76FFD-3BE6-4D07-B98B-DCA751CAA031}
	EndGlobalSection
EndGlobal
